// !$*UTF8*$!
{
	archiveVersion = 1;
	classes = {
	};
	objectVersion = 50;
	objects = {

/* Begin PBXBuildFile section */
		54313FAE2C8C94F300ED28B7 /* AppDelegate.swift in Sources */ = {isa = PBXBuildFile; fileRef = 54313FAD2C8C94F300ED28B7 /* AppDelegate.swift */; };
		54313FB02C8C94F300ED28B7 /* SceneDelegate.swift in Sources */ = {isa = PBXBuildFile; fileRef = 54313FAF2C8C94F300ED28B7 /* SceneDelegate.swift */; };
		54313FB22C8C94F300ED28B7 /* ViewController.swift in Sources */ = {isa = PBXBuildFile; fileRef = 54313FB12C8C94F300ED28B7 /* ViewController.swift */; };
		54313FB52C8C94F300ED28B7 /* Main.storyboard in Resources */ = {isa = PBXBuildFile; fileRef = 54313FB32C8C94F300ED28B7 /* Main.storyboard */; };
		54313FB72C8C950000ED28B7 /* Assets.xcassets in Resources */ = {isa = PBXBuildFile; fileRef = 54313FB62C8C950000ED28B7 /* Assets.xcassets */; };
		54313FBA2C8C950000ED28B7 /* LaunchScreen.storyboard in Resources */ = {isa = PBXBuildFile; fileRef = 54313FB82C8C950000ED28B7 /* LaunchScreen.storyboard */; };
/* End PBXBuildFile section */

/* Begin PBXFileReference section */
		54313FAA2C8C94F300ED28B7 /* Conversores.app */ = {isa = PBXFileReference; explicitFileType = wrapper.application; includeInIndex = 0; path = Conversores.app; sourceTree = BUILT_PRODUCTS_DIR; };
		54313FAD2C8C94F300ED28B7 /* AppDelegate.swift */ = {isa = PBXFileReference; lastKnownFileType = sourcecode.swift; path = AppDelegate.swift; sourceTree = "<group>"; };
		54313FAF2C8C94F300ED28B7 /* SceneDelegate.swift */ = {isa = PBXFileReference; lastKnownFileType = sourcecode.swift; path = SceneDelegate.swift; sourceTree = "<group>"; };
		54313FB12C8C94F300ED28B7 /* ViewController.swift */ = {isa = PBXFileReference; lastKnownFileType = sourcecode.swift; path = ViewController.swift; sourceTree = "<group>"; };
		54313FB42C8C94F300ED28B7 /* Base */ = {isa = PBXFileReference; lastKnownFileType = file.storyboard; name = Base; path = Base.lproj/Main.storyboard; sourceTree = "<group>"; };
		54313FB62C8C950000ED28B7 /* Assets.xcassets */ = {isa = PBXFileReference; lastKnownFileType = folder.assetcatalog; path = Assets.xcassets; sourceTree = "<group>"; };
		54313FB92C8C950000ED28B7 /* Base */ = {isa = PBXFileReference; lastKnownFileType = file.storyboard; name = Base; path = Base.lproj/LaunchScreen.storyboard; sourceTree = "<group>"; };
		54313FBB2C8C950100ED28B7 /* Info.plist */ = {isa = PBXFileReference; lastKnownFileType = text.plist.xml; path = Info.plist; sourceTree = "<group>"; };
/* End PBXFileReference section */

/* Begin PBXFrameworksBuildPhase section */
		54313FA72C8C94F300ED28B7 /* Frameworks */ = {
			isa = PBXFrameworksBuildPhase;
			buildActionMask = 2147483647;
			files = (
			);
			runOnlyForDeploymentPostprocessing = 0;
		};
/* End PBXFrameworksBuildPhase section */

/* Begin PBXGroup section */
		54313FA12C8C94F300ED28B7 = {
			isa = PBXGroup;
			children = (
				54313FAC2C8C94F300ED28B7 /* Conversores */,
				54313FAB2C8C94F300ED28B7 /* Products */,
			);
			sourceTree = "<group>";
		};
		54313FAB2C8C94F300ED28B7 /* Products */ = {
			isa = PBXGroup;
			children = (
				54313FAA2C8C94F300ED28B7 /* Conversores.app */,
			);
			name = Products;
			sourceTree = "<group>";
		};
		54313FAC2C8C94F300ED28B7 /* Conversores */ = {
			isa = PBXGroup;
			children = (
				54313FAD2C8C94F300ED28B7 /* AppDelegate.swift */,
				54313FAF2C8C94F300ED28B7 /* SceneDelegate.swift */,
				54313FB12C8C94F300ED28B7 /* ViewController.swift */,
				54313FB32C8C94F300ED28B7 /* Main.storyboard */,
				54313FB62C8C950000ED28B7 /* Assets.xcassets */,
				54313FB82C8C950000ED28B7 /* LaunchScreen.storyboard */,
				54313FBB2C8C950100ED28B7 /* Info.plist */,
			);
			path = Conversores;
			sourceTree = "<group>";
		};
/* End PBXGroup section */

/* Begin PBXNativeTarget section */
		54313FA92C8C94F300ED28B7 /* Conversores */ = {
			isa = PBXNativeTarget;
			buildConfigurationList = 54313FBE2C8C950100ED28B7 /* Build configuration list for PBXNativeTarget "Conversores" */;
			buildPhases = (
				54313FA62C8C94F300ED28B7 /* Sources */,
				54313FA72C8C94F300ED28B7 /* Frameworks */,
				54313FA82C8C94F300ED28B7 /* Resources */,
			);
			buildRules = (
			);
			dependencies = (
			);
			name = Conversores;
			productName = Conversores;
			productReference = 54313FAA2C8C94F300ED28B7 /* Conversores.app */;
			productType = "com.apple.product-type.application";
		};
/* End PBXNativeTarget section */

/* Begin PBXProject section */
		54313FA22C8C94F300ED28B7 /* Project object */ = {
			isa = PBXProject;
			attributes = {
				LastSwiftUpdateCheck = 1170;
				LastUpgradeCheck = 1170;
				ORGANIZATIONNAME = "Flavio Nunes";
				TargetAttributes = {
					54313FA92C8C94F300ED28B7 = {
						CreatedOnToolsVersion = 11.7;
					};
				};
			};
			buildConfigurationList = 54313FA52C8C94F300ED28B7 /* Build configuration list for PBXProject "Conversores" */;
			compatibilityVersion = "Xcode 9.3";
			developmentRegion = en;
			hasScannedForEncodings = 0;
			knownRegions = (
				en,
				Base,
			);
			mainGroup = 54313FA12C8C94F300ED28B7;
			productRefGroup = 54313FAB2C8C94F300ED28B7 /* Products */;
			projectDirPath = "";
			projectRoot = "";
			targets = (
				54313FA92C8C94F300ED28B7 /* Conversores */,
			);
		};
/* End PBXProject section */

/* Begin PBXResourcesBuildPhase section */
		54313FA82C8C94F300ED28B7 /* Resources */ = {
			isa = PBXResourcesBuildPhase;
			buildActionMask = 2147483647;
			files = (
				54313FBA2C8C950000ED28B7 /* LaunchScreen.storyboard in Resources */,
				54313FB72C8C950000ED28B7 /* Assets.xcassets in Resources */,
				54313FB52C8C94F300ED28B7 /* Main.storyboard in Resources */,
			);
			runOnlyForDeploymentPostprocessing = 0;
		};
/* End PBXResourcesBuildPhase section */

/* Begin PBXSourcesBuildPhase section */
		54313FA62C8C94F300ED28B7 /* Sources */ = {
			isa = PBXSourcesBuildPhase;
			buildActionMask = 2147483647;
			files = (
				54313FB22C8C94F300ED28B7 /* ViewController.swift in Sources */,
				54313FAE2C8C94F300ED28B7 /* AppDelegate.swift in Sources */,
				54313FB02C8C94F300ED28B7 /* SceneDelegate.swift in Sources */,
			);
			runOnlyForDeploymentPostprocessing = 0;
		};
/* End PBXSourcesBuildPhase section */

/* Begin PBXVariantGroup section */
		54313FB32C8C94F300ED28B7 /* Main.storyboard */ = {
			isa = PBXVariantGroup;
			children = (
				54313FB42C8C94F300ED28B7 /* Base */,
			);
			name = Main.storyboard;
			sourceTree = "<group>";
		};
		54313FB82C8C950000ED28B7 /* LaunchScreen.storyboard */ = {
			isa = PBXVariantGroup;
			children = (
				54313FB92C8C950000ED28B7 /* Base */,
			);
			name = LaunchScreen.storyboard;
			sourceTree = "<group>";
		};
/* End PBXVariantGroup section */

/* Begin XCBuildConfiguration section */
		54313FBC2C8C950100ED28B7 /* Debug */ = {
			isa = XCBuildConfiguration;
			buildSettings = {
				ALWAYS_SEARCH_USER_PATHS = NO;
				CLANG_ANALYZER_NONNULL = YES;
				CLANG_ANALYZER_NUMBER_OBJECT_CONVERSION = YES_AGGRESSIVE;
				CLANG_CXX_LANGUAGE_STANDARD = "gnu++14";
				CLANG_CXX_LIBRARY = "libc++";
				CLANG_ENABLE_MODULES = YES;
				CLANG_ENABLE_OBJC_ARC = YES;
				CLANG_ENABLE_OBJC_WEAK = YES;
				CLANG_WARN_BLOCK_CAPTURE_AUTORELEASING = YES;
				CLANG_WARN_BOOL_CONVERSION = YES;
				CLANG_WARN_COMMA = YES;
				CLANG_WARN_CONSTANT_CONVERSION = YES;
				CLANG_WARN_DEPRECATED_OBJC_IMPLEMENTATIONS = YES;
				CLANG_WARN_DIRECT_OBJC_ISA_USAGE = YES_ERROR;
				CLANG_WARN_DOCUMENTATION_COMMENTS = YES;
				CLANG_WARN_EMPTY_BODY = YES;
				CLANG_WARN_ENUM_CONVERSION = YES;
				CLANG_WARN_INFINITE_RECURSION = YES;
				CLANG_WARN_INT_CONVERSION = YES;
				CLANG_WARN_NON_LITERAL_NULL_CONVERSION = YES;
				CLANG_WARN_OBJC_IMPLICIT_RETAIN_SELF = YES;
				CLANG_WARN_OBJC_LITERAL_CONVERSION = YES;
				CLANG_WARN_OBJC_ROOT_CLASS = YES_ERROR;
				CLANG_WARN_RANGE_LOOP_ANALYSIS = YES;
				CLANG_WARN_STRICT_PROTOTYPES = YES;
				CLANG_WARN_SUSPICIOUS_MOVE = YES;
				CLANG_WARN_UNGUARDED_AVAILABILITY = YES_AGGRESSIVE;
				CLANG_WARN_UNREACHABLE_CODE = YES;
				CLANG_WARN__DUPLICATE_METHOD_MATCH = YES;
				COPY_PHASE_STRIP = NO;
				DEBUG_INFORMATION_FORMAT = dwarf;
				ENABLE_STRICT_OBJC_MSGSEND = YES;
				ENABLE_TESTABILITY = YES;
				GCC_C_LANGUAGE_STANDARD = gnu11;
				GCC_DYNAMIC_NO_PIC = NO;
				GCC_NO_COMMON_BLOCKS = YES;
				GCC_OPTIMIZATION_LEVEL = 0;
				GCC_PREPROCESSOR_DEFINITIONS = (
					"DEBUG=1",
					"$(inherited)",
				);
				GCC_WARN_64_TO_32_BIT_CONVERSION = YES;
				GCC_WARN_ABOUT_RETURN_TYPE = YES_ERROR;
				GCC_WARN_UNDECLARED_SELECTOR = YES;
				GCC_WARN_UNINITIALIZED_AUTOS = YES_AGGRESSIVE;
				GCC_WARN_UNUSED_FUNCTION = YES;
				GCC_WARN_UNUSED_VARIABLE = YES;
				IPHONEOS_DEPLOYMENT_TARGET = 13.7;
				MTL_ENABLE_DEBUG_INFO = INCLUDE_SOURCE;
				MTL_FAST_MATH = YES;
				ONLY_ACTIVE_ARCH = YES;
				SDKROOT = iphoneos;
				SWIFT_ACTIVE_COMPILATION_CONDITIONS = DEBUG;
				SWIFT_OPTIMIZATION_LEVEL = "-Onone";
			};
			name = Debug;
		};
		54313FBD2C8C950100ED28B7 /* Release */ = {
			isa = XCBuildConfiguration;
			buildSettings = {
				ALWAYS_SEARCH_USER_PATHS = NO;
				CLANG_ANALYZER_NONNULL = YES;
				CLANG_ANALYZER_NUMBER_OBJECT_CONVERSION = YES_AGGRESSIVE;
				CLANG_CXX_LANGUAGE_STANDARD = "gnu++14";
				CLANG_CXX_LIBRARY = "libc++";
				CLANG_ENABLE_MODULES = YES;
				CLANG_ENABLE_OBJC_ARC = YES;
				CLANG_ENABLE_OBJC_WEAK = YES;
				CLANG_WARN_BLOCK_CAPTURE_AUTORELEASING = YES;
				CLANG_WARN_BOOL_CONVERSION = YES;
				CLANG_WARN_COMMA = YES;
				CLANG_WARN_CONSTANT_CONVERSION = YES;
				CLANG_WARN_DEPRECATED_OBJC_IMPLEMENTATIONS = YES;
				CLANG_WARN_DIRECT_OBJC_ISA_USAGE = YES_ERROR;
				CLANG_WARN_DOCUMENTATION_COMMENTS = YES;
				CLANG_WARN_EMPTY_BODY = YES;
				CLANG_WARN_ENUM_CONVERSION = YES;
				CLANG_WARN_INFINITE_RECURSION = YES;
				CLANG_WARN_INT_CONVERSION = YES;
				CLANG_WARN_NON_LITERAL_NULL_CONVERSION = YES;
				CLANG_WARN_OBJC_IMPLICIT_RETAIN_SELF = YES;
				CLANG_WARN_OBJC_LITERAL_CONVERSION = YES;
				CLANG_WARN_OBJC_ROOT_CLASS = YES_ERROR;
				CLANG_WARN_RANGE_LOOP_ANALYSIS = YES;
				CLANG_WARN_STRICT_PROTOTYPES = YES;
				CLANG_WARN_SUSPICIOUS_MOVE = YES;
				CLANG_WARN_UNGUARDED_AVAILABILITY = YES_AGGRESSIVE;
				CLANG_WARN_UNREACHABLE_CODE = YES;
				CLANG_WARN__DUPLICATE_METHOD_MATCH = YES;
				COPY_PHASE_STRIP = NO;
				DEBUG_INFORMATION_FORMAT = "dwarf-with-dsym";
				ENABLE_NS_ASSERTIONS = NO;
				ENABLE_STRICT_OBJC_MSGSEND = YES;
				GCC_C_LANGUAGE_STANDARD = gnu11;
				GCC_NO_COMMON_BLOCKS = YES;
				GCC_WARN_64_TO_32_BIT_CONVERSION = YES;
				GCC_WARN_ABOUT_RETURN_TYPE = YES_ERROR;
				GCC_WARN_UNDECLARED_SELECTOR = YES;
				GCC_WARN_UNINITIALIZED_AUTOS = YES_AGGRESSIVE;
				GCC_WARN_UNUSED_FUNCTION = YES;
				GCC_WARN_UNUSED_VARIABLE = YES;
				IPHONEOS_DEPLOYMENT_TARGET = 13.7;
				MTL_ENABLE_DEBUG_INFO = NO;
				MTL_FAST_MATH = YES;
				SDKROOT = iphoneos;
				SWIFT_COMPILATION_MODE = wholemodule;
				SWIFT_OPTIMIZATION_LEVEL = "-O";
				VALIDATE_PRODUCT = YES;
			};
			name = Release;
		};
		54313FBF2C8C950100ED28B7 /* Debug */ = {
			isa = XCBuildConfiguration;
			buildSettings = {
				ASSETCATALOG_COMPILER_APPICON_NAME = AppIcon;
				CODE_SIGN_STYLE = Automatic;
				DEVELOPMENT_TEAM = RK3QBCM45L;
				INFOPLIST_FILE = Conversores/Info.plist;
				LD_RUNPATH_SEARCH_PATHS = (
					"$(inherited)",
					"@executable_path/Frameworks",
				);
				PRODUCT_BUNDLE_IDENTIFIER = com.FlavioNunes.Conversores;
				PRODUCT_NAME = "$(TARGET_NAME)";
				SWIFT_VERSION = 5.0;
				TARGETED_DEVICE_FAMILY = "1,2";
			};
			name = Debug;
		};
		54313FC02C8C950100ED28B7 /* Release */ = {
			isa = XCBuildConfiguration;
			buildSettings = {
				ASSETCATALOG_COMPILER_APPICON_NAME = AppIcon;
				CODE_SIGN_STYLE = Automatic;
				DEVELOPMENT_TEAM = RK3QBCM45L;
				INFOPLIST_FILE = Conversores/Info.plist;
				LD_RUNPATH_SEARCH_PATHS = (
					"$(inherited)",
					"@executable_path/Frameworks",
				);
				PRODUCT_BUNDLE_IDENTIFIER = com.FlavioNunes.Conversores;
				PRODUCT_NAME = "$(TARGET_NAME)";
				SWIFT_VERSION = 5.0;
				TARGETED_DEVICE_FAMILY = "1,2";
			};
			name = Release;
		};
/* End XCBuildConfiguration section */

/* Begin XCConfigurationList section */
		54313FA52C8C94F300ED28B7 /* Build configuration list for PBXProject "Conversores" */ = {
			isa = XCConfigurationList;
			buildConfigurations = (
				54313FBC2C8C950100ED28B7 /* Debug */,
				54313FBD2C8C950100ED28B7 /* Release */,
			);
			defaultConfigurationIsVisible = 0;
			defaultConfigurationName = Release;
		};
		54313FBE2C8C950100ED28B7 /* Build configuration list for PBXNativeTarget "Conversores" */ = {
			isa = XCConfigurationList;
			buildConfigurations = (
				54313FBF2C8C950100ED28B7 /* Debug */,
				54313FC02C8C950100ED28B7 /* Release */,
			);
			defaultConfigurationIsVisible = 0;
			defaultConfigurationName = Release;
		};
/* End XCConfigurationList section */
	};
	rootObject = 54313FA22C8C94F300ED28B7 /* Project object */;
}
